
Microsoft Visual Studio Solution File, Format Version 12.00
# Visual Studio Version 16
VisualStudioVersion = 16.0.31019.35
MinimumVisualStudioVersion = 10.0.40219.1
Project("{FAE04EC0-301F-11D3-BF4B-00C04F79EFBC}") = "firstxf.Android", "firstxf\firstxf.Android\firstxf.Android.csproj", "{EFB43052-9063-4CA2-A4FD-94068C87524B}"
EndProject
Project("{FAE04EC0-301F-11D3-BF4B-00C04F79EFBC}") = "firstxf.iOS", "firstxf\firstxf.iOS\firstxf.iOS.csproj", "{6A29DE06-165C-4018-82CC-A60C546276A7}"
EndProject
Project("{FAE04EC0-301F-11D3-BF4B-00C04F79EFBC}") = "firstxf", "firstxf\firstxf\firstxf.csproj", "{C95EFD92-D743-4955-945A-2EC47D44343A}"
EndProject
Global
	GlobalSection(SolutionConfigurationPlatforms) = preSolution
		Debug|Any CPU = Debug|Any CPU
		Debug|iPhone = Debug|iPhone
		Debug|iPhoneSimulator = Debug|iPhoneSimulator
		Release|Any CPU = Release|Any CPU
		Release|iPhone = Release|iPhone
		Release|iPhoneSimulator = Release|iPhoneSimulator
	EndGlobalSection
	GlobalSection(ProjectConfigurationPlatforms) = postSolution
		{EFB43052-9063-4CA2-A4FD-94068C87524B}.Debug|Any CPU.ActiveCfg = Debug|Any CPU
		{EFB43052-9063-4CA2-A4FD-94068C87524B}.Debug|Any CPU.Build.0 = Debug|Any CPU
		{EFB43052-9063-4CA2-A4FD-94068C87524B}.Debug|Any CPU.Deploy.0 = Debug|Any CPU
		{EFB43052-9063-4CA2-A4FD-94068C87524B}.Debug|iPhone.ActiveCfg = Debug|Any CPU
		{EFB43052-9063-4CA2-A4FD-94068C87524B}.Debug|iPhone.Build.0 = Debug|Any CPU
		{EFB43052-9063-4CA2-A4FD-94068C87524B}.Debug|iPhone.Deploy.0 = Debug|Any CPU
		{EFB43052-9063-4CA2-A4FD-94068C87524B}.Debug|iPhoneSimulator.ActiveCfg = Debug|Any CPU
		{EFB43052-9063-4CA2-A4FD-94068C87524B}.Debug|iPhoneSimulator.Build.0 = Debug|Any CPU
		{EFB43052-9063-4CA2-A4FD-94068C87524B}.Debug|iPhoneSimulator.Deploy.0 = Debug|Any CPU
		{EFB43052-9063-4CA2-A4FD-94068C87524B}.Release|Any CPU.ActiveCfg = Release|Any CPU
		{EFB43052-9063-4CA2-A4FD-94068C87524B}.Release|Any CPU.Build.0 = Release|Any CPU
		{EFB43052-9063-4CA2-A4FD-94068C87524B}.Release|Any CPU.Deploy.0 = Release|Any CPU
		{EFB43052-9063-4CA2-A4FD-94068C87524B}.Release|iPhone.ActiveCfg = Release|Any CPU
		{EFB43052-9063-4CA2-A4FD-94068C87524B}.Release|iPhone.Build.0 = Release|Any CPU
		{EFB43052-9063-4CA2-A4FD-94068C87524B}.Release|iPhone.Deploy.0 = Release|Any CPU
		{EFB43052-9063-4CA2-A4FD-94068C87524B}.Release|iPhoneSimulator.ActiveCfg = Release|Any CPU
		{EFB43052-9063-4CA2-A4FD-94068C87524B}.Release|iPhoneSimulator.Build.0 = Release|Any CPU
		{EFB43052-9063-4CA2-A4FD-94068C87524B}.Release|iPhoneSimulator.Deploy.0 = Release|Any CPU
		{6A29DE06-165C-4018-82CC-A60C546276A7}.Debug|Any CPU.ActiveCfg = Debug|iPhone
		{6A29DE06-165C-4018-82CC-A60C546276A7}.Debug|Any CPU.Build.0 = Debug|iPhone
		{6A29DE06-165C-4018-82CC-A60C546276A7}.Debug|Any CPU.Deploy.0 = Debug|iPhone
		{6A29DE06-165C-4018-82CC-A60C546276A7}.Debug|iPhone.ActiveCfg = Debug|iPhone
		{6A29DE06-165C-4018-82CC-A60C546276A7}.Debug|iPhone.Build.0 = Debug|iPhone
		{6A29DE06-165C-4018-82CC-A60C546276A7}.Debug|iPhone.Deploy.0 = Debug|iPhone
		{6A29DE06-165C-4018-82CC-A60C546276A7}.Debug|iPhoneSimulator.ActiveCfg = Debug|iPhoneSimulator
		{6A29DE06-165C-4018-82CC-A60C546276A7}.Debug|iPhoneSimulator.Build.0 = Debug|iPhoneSimulator
		{6A29DE06-165C-4018-82CC-A60C546276A7}.Debug|iPhoneSimulator.Deploy.0 = Debug|iPhoneSimulator
		{6A29DE06-165C-4018-82CC-A60C546276A7}.Release|Any CPU.ActiveCfg = Release|iPhoneSimulator
		{6A29DE06-165C-4018-82CC-A60C546276A7}.Release|Any CPU.Build.0 = Release|iPhoneSimulator
		{6A29DE06-165C-4018-82CC-A60C546276A7}.Release|Any CPU.Deploy.0 = Release|iPhoneSimulator
		{6A29DE06-165C-4018-82CC-A60C546276A7}.Release|iPhone.ActiveCfg = Release|iPhone
		{6A29DE06-165C-4018-82CC-A60C546276A7}.Release|iPhone.Build.0 = Release|iPhone
		{6A29DE06-165C-4018-82CC-A60C546276A7}.Release|iPhone.Deploy.0 = Release|iPhone
		{6A29DE06-165C-4018-82CC-A60C546276A7}.Release|iPhoneSimulator.ActiveCfg = Release|iPhoneSimulator
		{6A29DE06-165C-4018-82CC-A60C546276A7}.Release|iPhoneSimulator.Build.0 = Release|iPhoneSimulator
		{6A29DE06-165C-4018-82CC-A60C546276A7}.Release|iPhoneSimulator.Deploy.0 = Release|iPhoneSimulator
		{C95EFD92-D743-4955-945A-2EC47D44343A}.Debug|Any CPU.ActiveCfg = Debug|Any CPU
		{C95EFD92-D743-4955-945A-2EC47D44343A}.Debug|Any CPU.Build.0 = Debug|Any CPU
		{C95EFD92-D743-4955-945A-2EC47D44343A}.Debug|Any CPU.Deploy.0 = Debug|Any CPU
		{C95EFD92-D743-4955-945A-2EC47D44343A}.Debug|iPhone.ActiveCfg = Debug|Any CPU
		{C95EFD92-D743-4955-945A-2EC47D44343A}.Debug|iPhone.Build.0 = Debug|Any CPU
		{C95EFD92-D743-4955-945A-2EC47D44343A}.Debug|iPhone.Deploy.0 = Debug|Any CPU
		{C95EFD92-D743-4955-945A-2EC47D44343A}.Debug|iPhoneSimulator.ActiveCfg = Debug|Any CPU
		{C95EFD92-D743-4955-945A-2EC47D44343A}.Debug|iPhoneSimulator.Build.0 = Debug|Any CPU
		{C95EFD92-D743-4955-945A-2EC47D44343A}.Debug|iPhoneSimulator.Deploy.0 = Debug|Any CPU
		{C95EFD92-D743-4955-945A-2EC47D44343A}.Release|Any CPU.ActiveCfg = Release|Any CPU
		{C95EFD92-D743-4955-945A-2EC47D44343A}.Release|Any CPU.Build.0 = Release|Any CPU
		{C95EFD92-D743-4955-945A-2EC47D44343A}.Release|Any CPU.Deploy.0 = Release|Any CPU
		{C95EFD92-D743-4955-945A-2EC47D44343A}.Release|iPhone.ActiveCfg = Release|Any CPU
		{C95EFD92-D743-4955-945A-2EC47D44343A}.Release|iPhone.Build.0 = Release|Any CPU
		{C95EFD92-D743-4955-945A-2EC47D44343A}.Release|iPhone.Deploy.0 = Release|Any CPU
		{C95EFD92-D743-4955-945A-2EC47D44343A}.Release|iPhoneSimulator.ActiveCfg = Release|Any CPU
		{C95EFD92-D743-4955-945A-2EC47D44343A}.Release|iPhoneSimulator.Build.0 = Release|Any CPU
		{C95EFD92-D743-4955-945A-2EC47D44343A}.Release|iPhoneSimulator.Deploy.0 = Release|Any CPU
	EndGlobalSection
	GlobalSection(SolutionProperties) = preSolution
		HideSolutionNode = FALSE
	EndGlobalSection
	GlobalSection(ExtensibilityGlobals) = postSolution
		SolutionGuid = {D74322C5-381D-42B8-B4D6-91705FC71D9F}
	EndGlobalSection
EndGlobal
